
Microsoft Visual Studio Solution File, Format Version 12.00
# Visual Studio Version 17
VisualStudioVersion = 17.7.34024.191
MinimumVisualStudioVersion = 10.0.40219.1
Project("{FAE04EC0-301F-11D3-BF4B-00C04F79EFBC}") = "JoinedEntityTableTask", "JoinedEntityTableTask\JoinedEntityTableTask.csproj", "{7C13AA5D-62C7-4A17-8443-A8A6431F4D44}"
EndProject
Global
	GlobalSection(SolutionConfigurationPlatforms) = preSolution
		Debug|Any CPU = Debug|Any CPU
		Release|Any CPU = Release|Any CPU
	EndGlobalSection
	GlobalSection(ProjectConfigurationPlatforms) = postSolution
		{7C13AA5D-62C7-4A17-8443-A8A6431F4D44}.Debug|Any CPU.ActiveCfg = Debug|Any CPU
		{7C13AA5D-62C7-4A17-8443-A8A6431F4D44}.Debug|Any CPU.Build.0 = Debug|Any CPU
		{7C13AA5D-62C7-4A17-8443-A8A6431F4D44}.Release|Any CPU.ActiveCfg = Release|Any CPU
		{7C13AA5D-62C7-4A17-8443-A8A6431F4D44}.Release|Any CPU.Build.0 = Release|Any CPU
	EndGlobalSection
	GlobalSection(SolutionProperties) = preSolution
		HideSolutionNode = FALSE
	EndGlobalSection
	GlobalSection(ExtensibilityGlobals) = postSolution
		SolutionGuid = {7E8BBC9E-7C22-4A44-A90D-5ED32E5E65FB}
	EndGlobalSection
EndGlobal
